
Microsoft Visual Studio Solution File, Format Version 12.00
# Visual Studio Version 16
VisualStudioVersion = 16.0.31729.503
MinimumVisualStudioVersion = 10.0.40219.1
Project("{FAE04EC0-301F-11D3-BF4B-00C04F79EFBC}") = "CryptoTracker.UWP", "CryptoTracker\CryptoTracker.UWP\CryptoTracker.UWP.csproj", "{4C9982B1-3A74-44AA-9C7D-34380C4B4344}"
EndProject
Project("{FAE04EC0-301F-11D3-BF4B-00C04F79EFBC}") = "CryptoTracker.Android", "CryptoTracker\CryptoTracker.Android\CryptoTracker.Android.csproj", "{92BDB875-74D3-4B07-BE65-DA3017796A5D}"
EndProject
Project("{FAE04EC0-301F-11D3-BF4B-00C04F79EFBC}") = "CryptoTracker.iOS", "CryptoTracker\CryptoTracker.iOS\CryptoTracker.iOS.csproj", "{EDBA2D25-DD9E-40BC-9D15-E280733DD217}"
EndProject
Project("{FAE04EC0-301F-11D3-BF4B-00C04F79EFBC}") = "CryptoTracker", "CryptoTracker\CryptoTracker\CryptoTracker.csproj", "{D70427C8-5A1A-4CCE-ACE9-5D8336B3FBAF}"
EndProject
Global
	GlobalSection(SolutionConfigurationPlatforms) = preSolution
		Debug|Any CPU = Debug|Any CPU
		Debug|ARM = Debug|ARM
		Debug|iPhone = Debug|iPhone
		Debug|iPhoneSimulator = Debug|iPhoneSimulator
		Debug|x64 = Debug|x64
		Debug|x86 = Debug|x86
		Release|Any CPU = Release|Any CPU
		Release|ARM = Release|ARM
		Release|iPhone = Release|iPhone
		Release|iPhoneSimulator = Release|iPhoneSimulator
		Release|x64 = Release|x64
		Release|x86 = Release|x86
	EndGlobalSection
	GlobalSection(ProjectConfigurationPlatforms) = postSolution
		{4C9982B1-3A74-44AA-9C7D-34380C4B4344}.Debug|Any CPU.ActiveCfg = Debug|x86
		{4C9982B1-3A74-44AA-9C7D-34380C4B4344}.Debug|Any CPU.Build.0 = Debug|x86
		{4C9982B1-3A74-44AA-9C7D-34380C4B4344}.Debug|Any CPU.Deploy.0 = Debug|x86
		{4C9982B1-3A74-44AA-9C7D-34380C4B4344}.Debug|ARM.ActiveCfg = Debug|ARM
		{4C9982B1-3A74-44AA-9C7D-34380C4B4344}.Debug|ARM.Build.0 = Debug|ARM
		{4C9982B1-3A74-44AA-9C7D-34380C4B4344}.Debug|ARM.Deploy.0 = Debug|ARM
		{4C9982B1-3A74-44AA-9C7D-34380C4B4344}.Debug|iPhone.ActiveCfg = Debug|x86
		{4C9982B1-3A74-44AA-9C7D-34380C4B4344}.Debug|iPhone.Build.0 = Debug|x86
		{4C9982B1-3A74-44AA-9C7D-34380C4B4344}.Debug|iPhone.Deploy.0 = Debug|x86
		{4C9982B1-3A74-44AA-9C7D-34380C4B4344}.Debug|iPhoneSimulator.ActiveCfg = Debug|x86
		{4C9982B1-3A74-44AA-9C7D-34380C4B4344}.Debug|iPhoneSimulator.Build.0 = Debug|x86
		{4C9982B1-3A74-44AA-9C7D-34380C4B4344}.Debug|iPhoneSimulator.Deploy.0 = Debug|x86
		{4C9982B1-3A74-44AA-9C7D-34380C4B4344}.Debug|x64.ActiveCfg = Debug|x64
		{4C9982B1-3A74-44AA-9C7D-34380C4B4344}.Debug|x64.Build.0 = Debug|x64
		{4C9982B1-3A74-44AA-9C7D-34380C4B4344}.Debug|x64.Deploy.0 = Debug|x64
		{4C9982B1-3A74-44AA-9C7D-34380C4B4344}.Debug|x86.ActiveCfg = Debug|x86
		{4C9982B1-3A74-44AA-9C7D-34380C4B4344}.Debug|x86.Build.0 = Debug|x86
		{4C9982B1-3A74-44AA-9C7D-34380C4B4344}.Debug|x86.Deploy.0 = Debug|x86
		{4C9982B1-3A74-44AA-9C7D-34380C4B4344}.Release|Any CPU.ActiveCfg = Release|x86
		{4C9982B1-3A74-44AA-9C7D-34380C4B4344}.Release|Any CPU.Build.0 = Release|x86
		{4C9982B1-3A74-44AA-9C7D-34380C4B4344}.Release|Any CPU.Deploy.0 = Release|x86
		{4C9982B1-3A74-44AA-9C7D-34380C4B4344}.Release|ARM.ActiveCfg = Release|ARM
		{4C9982B1-3A74-44AA-9C7D-34380C4B4344}.Release|ARM.Build.0 = Release|ARM
		{4C9982B1-3A74-44AA-9C7D-34380C4B4344}.Release|ARM.Deploy.0 = Release|ARM
		{4C9982B1-3A74-44AA-9C7D-34380C4B4344}.Release|iPhone.ActiveCfg = Release|x86
		{4C9982B1-3A74-44AA-9C7D-34380C4B4344}.Release|iPhone.Build.0 = Release|x86
		{4C9982B1-3A74-44AA-9C7D-34380C4B4344}.Release|iPhone.Deploy.0 = Release|x86
		{4C9982B1-3A74-44AA-9C7D-34380C4B4344}.Release|iPhoneSimulator.ActiveCfg = Release|x86
		{4C9982B1-3A74-44AA-9C7D-34380C4B4344}.Release|iPhoneSimulator.Build.0 = Release|x86
		{4C9982B1-3A74-44AA-9C7D-34380C4B4344}.Release|iPhoneSimulator.Deploy.0 = Release|x86
		{4C9982B1-3A74-44AA-9C7D-34380C4B4344}.Release|x64.ActiveCfg = Release|x64
		{4C9982B1-3A74-44AA-9C7D-34380C4B4344}.Release|x64.Build.0 = Release|x64
		{4C9982B1-3A74-44AA-9C7D-34380C4B4344}.Release|x64.Deploy.0 = Release|x64
		{4C9982B1-3A74-44AA-9C7D-34380C4B4344}.Release|x86.ActiveCfg = Release|x86
		{4C9982B1-3A74-44AA-9C7D-34380C4B4344}.Release|x86.Build.0 = Release|x86
		{4C9982B1-3A74-44AA-9C7D-34380C4B4344}.Release|x86.Deploy.0 = Release|x86
		{92BDB875-74D3-4B07-BE65-DA3017796A5D}.Debug|Any CPU.ActiveCfg = Debug|Any CPU
		{92BDB875-74D3-4B07-BE65-DA3017796A5D}.Debug|Any CPU.Build.0 = Debug|Any CPU
		{92BDB875-74D3-4B07-BE65-DA3017796A5D}.Debug|Any CPU.Deploy.0 = Debug|Any CPU
		{92BDB875-74D3-4B07-BE65-DA3017796A5D}.Debug|ARM.ActiveCfg = Debug|Any CPU
		{92BDB875-74D3-4B07-BE65-DA3017796A5D}.Debug|ARM.Build.0 = Debug|Any CPU
		{92BDB875-74D3-4B07-BE65-DA3017796A5D}.Debug|ARM.Deploy.0 = Debug|Any CPU
		{92BDB875-74D3-4B07-BE65-DA3017796A5D}.Debug|iPhone.ActiveCfg = Debug|Any CPU
		{92BDB875-74D3-4B07-BE65-DA3017796A5D}.Debug|iPhone.Build.0 = Debug|Any CPU
		{92BDB875-74D3-4B07-BE65-DA3017796A5D}.Debug|iPhone.Deploy.0 = Debug|Any CPU
		{92BDB875-74D3-4B07-BE65-DA3017796A5D}.Debug|iPhoneSimulator.ActiveCfg = Debug|Any CPU
		{92BDB875-74D3-4B07-BE65-DA3017796A5D}.Debug|iPhoneSimulator.Build.0 = Debug|Any CPU
		{92BDB875-74D3-4B07-BE65-DA3017796A5D}.Debug|iPhoneSimulator.Deploy.0 = Debug|Any CPU
		{92BDB875-74D3-4B07-BE65-DA3017796A5D}.Debug|x64.ActiveCfg = Debug|Any CPU
		{92BDB875-74D3-4B07-BE65-DA3017796A5D}.Debug|x64.Build.0 = Debug|Any CPU
		{92BDB875-74D3-4B07-BE65-DA3017796A5D}.Debug|x64.Deploy.0 = Debug|Any CPU
		{92BDB875-74D3-4B07-BE65-DA3017796A5D}.Debug|x86.ActiveCfg = Debug|Any CPU
		{92BDB875-74D3-4B07-BE65-DA3017796A5D}.Debug|x86.Build.0 = Debug|Any CPU
		{92BDB875-74D3-4B07-BE65-DA3017796A5D}.Debug|x86.Deploy.0 = Debug|Any CPU
		{92BDB875-74D3-4B07-BE65-DA3017796A5D}.Release|Any CPU.ActiveCfg = Release|Any CPU
		{92BDB875-74D3-4B07-BE65-DA3017796A5D}.Release|Any CPU.Build.0 = Release|Any CPU
		{92BDB875-74D3-4B07-BE65-DA3017796A5D}.Release|Any CPU.Deploy.0 = Release|Any CPU
		{92BDB875-74D3-4B07-BE65-DA3017796A5D}.Release|ARM.ActiveCfg = Release|Any CPU
		{92BDB875-74D3-4B07-BE65-DA3017796A5D}.Release|ARM.Build.0 = Release|Any CPU
		{92BDB875-74D3-4B07-BE65-DA3017796A5D}.Release|ARM.Deploy.0 = Release|Any CPU
		{92BDB875-74D3-4B07-BE65-DA3017796A5D}.Release|iPhone.ActiveCfg = Release|Any CPU
		{92BDB875-74D3-4B07-BE65-DA3017796A5D}.Release|iPhone.Build.0 = Release|Any CPU
		{92BDB875-74D3-4B07-BE65-DA3017796A5D}.Release|iPhone.Deploy.0 = Release|Any CPU
		{92BDB875-74D3-4B07-BE65-DA3017796A5D}.Release|iPhoneSimulator.ActiveCfg = Release|Any CPU
		{92BDB875-74D3-4B07-BE65-DA3017796A5D}.Release|iPhoneSimulator.Build.0 = Release|Any CPU
		{92BDB875-74D3-4B07-BE65-DA3017796A5D}.Release|iPhoneSimulator.Deploy.0 = Release|Any CPU
		{92BDB875-74D3-4B07-BE65-DA3017796A5D}.Release|x64.ActiveCfg = Release|Any CPU
		{92BDB875-74D3-4B07-BE65-DA3017796A5D}.Release|x64.Build.0 = Release|Any CPU
		{92BDB875-74D3-4B07-BE65-DA3017796A5D}.Release|x64.Deploy.0 = Release|Any CPU
		{92BDB875-74D3-4B07-BE65-DA3017796A5D}.Release|x86.ActiveCfg = Release|Any CPU
		{92BDB875-74D3-4B07-BE65-DA3017796A5D}.Release|x86.Build.0 = Release|Any CPU
		{92BDB875-74D3-4B07-BE65-DA3017796A5D}.Release|x86.Deploy.0 = Release|Any CPU
		{EDBA2D25-DD9E-40BC-9D15-E280733DD217}.Debug|Any CPU.ActiveCfg = Debug|iPhoneSimulator
		{EDBA2D25-DD9E-40BC-9D15-E280733DD217}.Debug|Any CPU.Build.0 = Debug|iPhoneSimulator
		{EDBA2D25-DD9E-40BC-9D15-E280733DD217}.Debug|Any CPU.Deploy.0 = Debug|iPhoneSimulator
		{EDBA2D25-DD9E-40BC-9D15-E280733DD217}.Debug|ARM.ActiveCfg = Debug|iPhone
		{EDBA2D25-DD9E-40BC-9D15-E280733DD217}.Debug|ARM.Build.0 = Debug|iPhone
		{EDBA2D25-DD9E-40BC-9D15-E280733DD217}.Debug|ARM.Deploy.0 = Debug|iPhone
		{EDBA2D25-DD9E-40BC-9D15-E280733DD217}.Debug|iPhone.ActiveCfg = Debug|iPhone
		{EDBA2D25-DD9E-40BC-9D15-E280733DD217}.Debug|iPhone.Build.0 = Debug|iPhone
		{EDBA2D25-DD9E-40BC-9D15-E280733DD217}.Debug|iPhone.Deploy.0 = Debug|iPhone
		{EDBA2D25-DD9E-40BC-9D15-E280733DD217}.Debug|iPhoneSimulator.ActiveCfg = Debug|iPhoneSimulator
		{EDBA2D25-DD9E-40BC-9D15-E280733DD217}.Debug|iPhoneSimulator.Build.0 = Debug|iPhoneSimulator
		{EDBA2D25-DD9E-40BC-9D15-E280733DD217}.Debug|iPhoneSimulator.Deploy.0 = Debug|iPhoneSimulator
		{EDBA2D25-DD9E-40BC-9D15-E280733DD217}.Debug|x64.ActiveCfg = Debug|iPhoneSimulator
		{EDBA2D25-DD9E-40BC-9D15-E280733DD217}.Debug|x64.Build.0 = Debug|iPhoneSimulator
		{EDBA2D25-DD9E-40BC-9D15-E280733DD217}.Debug|x64.Deploy.0 = Debug|iPhoneSimulator
		{EDBA2D25-DD9E-40BC-9D15-E280733DD217}.Debug|x86.ActiveCfg = Debug|iPhoneSimulator
		{EDBA2D25-DD9E-40BC-9D15-E280733DD217}.Debug|x86.Build.0 = Debug|iPhoneSimulator
		{EDBA2D25-DD9E-40BC-9D15-E280733DD217}.Debug|x86.Deploy.0 = Debug|iPhoneSimulator
		{EDBA2D25-DD9E-40BC-9D15-E280733DD217}.Release|Any CPU.ActiveCfg = Release|iPhoneSimulator
		{EDBA2D25-DD9E-40BC-9D15-E280733DD217}.Release|Any CPU.Build.0 = Release|iPhoneSimulator
		{EDBA2D25-DD9E-40BC-9D15-E280733DD217}.Release|Any CPU.Deploy.0 = Release|iPhoneSimulator
		{EDBA2D25-DD9E-40BC-9D15-E280733DD217}.Release|ARM.ActiveCfg = Release|iPhoneSimulator
		{EDBA2D25-DD9E-40BC-9D15-E280733DD217}.Release|ARM.Build.0 = Release|iPhoneSimulator
		{EDBA2D25-DD9E-40BC-9D15-E280733DD217}.Release|ARM.Deploy.0 = Release|iPhoneSimulator
		{EDBA2D25-DD9E-40BC-9D15-E280733DD217}.Release|iPhone.ActiveCfg = Release|iPhone
		{EDBA2D25-DD9E-40BC-9D15-E280733DD217}.Release|iPhone.Build.0 = Release|iPhone
		{EDBA2D25-DD9E-40BC-9D15-E280733DD217}.Release|iPhone.Deploy.0 = Release|iPhone
		{EDBA2D25-DD9E-40BC-9D15-E280733DD217}.Release|iPhoneSimulator.ActiveCfg = Release|iPhoneSimulator
		{EDBA2D25-DD9E-40BC-9D15-E280733DD217}.Release|iPhoneSimulator.Build.0 = Release|iPhoneSimulator
		{EDBA2D25-DD9E-40BC-9D15-E280733DD217}.Release|iPhoneSimulator.Deploy.0 = Release|iPhoneSimulator
		{EDBA2D25-DD9E-40BC-9D15-E280733DD217}.Release|x64.ActiveCfg = Release|iPhoneSimulator
		{EDBA2D25-DD9E-40BC-9D15-E280733DD217}.Release|x64.Build.0 = Release|iPhoneSimulator
		{EDBA2D25-DD9E-40BC-9D15-E280733DD217}.Release|x64.Deploy.0 = Release|iPhoneSimulator
		{EDBA2D25-DD9E-40BC-9D15-E280733DD217}.Release|x86.ActiveCfg = Release|iPhoneSimulator
		{EDBA2D25-DD9E-40BC-9D15-E280733DD217}.Release|x86.Build.0 = Release|iPhoneSimulator
		{EDBA2D25-DD9E-40BC-9D15-E280733DD217}.Release|x86.Deploy.0 = Release|iPhoneSimulator
		{D70427C8-5A1A-4CCE-ACE9-5D8336B3FBAF}.Debug|Any CPU.ActiveCfg = Debug|Any CPU
		{D70427C8-5A1A-4CCE-ACE9-5D8336B3FBAF}.Debug|Any CPU.Build.0 = Debug|Any CPU
		{D70427C8-5A1A-4CCE-ACE9-5D8336B3FBAF}.Debug|Any CPU.Deploy.0 = Debug|Any CPU
		{D70427C8-5A1A-4CCE-ACE9-5D8336B3FBAF}.Debug|ARM.ActiveCfg = Debug|Any CPU
		{D70427C8-5A1A-4CCE-ACE9-5D8336B3FBAF}.Debug|ARM.Build.0 = Debug|Any CPU
		{D70427C8-5A1A-4CCE-ACE9-5D8336B3FBAF}.Debug|ARM.Deploy.0 = Debug|Any CPU
		{D70427C8-5A1A-4CCE-ACE9-5D8336B3FBAF}.Debug|iPhone.ActiveCfg = Debug|Any CPU
		{D70427C8-5A1A-4CCE-ACE9-5D8336B3FBAF}.Debug|iPhone.Build.0 = Debug|Any CPU
		{D70427C8-5A1A-4CCE-ACE9-5D8336B3FBAF}.Debug|iPhone.Deploy.0 = Debug|Any CPU
		{D70427C8-5A1A-4CCE-ACE9-5D8336B3FBAF}.Debug|iPhoneSimulator.ActiveCfg = Debug|Any CPU
		{D70427C8-5A1A-4CCE-ACE9-5D8336B3FBAF}.Debug|iPhoneSimulator.Build.0 = Debug|Any CPU
		{D70427C8-5A1A-4CCE-ACE9-5D8336B3FBAF}.Debug|iPhoneSimulator.Deploy.0 = Debug|Any CPU
		{D70427C8-5A1A-4CCE-ACE9-5D8336B3FBAF}.Debug|x64.ActiveCfg = Debug|Any CPU
		{D70427C8-5A1A-4CCE-ACE9-5D8336B3FBAF}.Debug|x64.Build.0 = Debug|Any CPU
		{D70427C8-5A1A-4CCE-ACE9-5D8336B3FBAF}.Debug|x64.Deploy.0 = Debug|Any CPU
		{D70427C8-5A1A-4CCE-ACE9-5D8336B3FBAF}.Debug|x86.ActiveCfg = Debug|Any CPU
		{D70427C8-5A1A-4CCE-ACE9-5D8336B3FBAF}.Debug|x86.Build.0 = Debug|Any CPU
		{D70427C8-5A1A-4CCE-ACE9-5D8336B3FBAF}.Debug|x86.Deploy.0 = Debug|Any CPU
		{D70427C8-5A1A-4CCE-ACE9-5D8336B3FBAF}.Release|Any CPU.ActiveCfg = Release|Any CPU
		{D70427C8-5A1A-4CCE-ACE9-5D8336B3FBAF}.Release|Any CPU.Build.0 = Release|Any CPU
		{D70427C8-5A1A-4CCE-ACE9-5D8336B3FBAF}.Release|Any CPU.Deploy.0 = Release|Any CPU
		{D70427C8-5A1A-4CCE-ACE9-5D8336B3FBAF}.Release|ARM.ActiveCfg = Release|Any CPU
		{D70427C8-5A1A-4CCE-ACE9-5D8336B3FBAF}.Release|ARM.Build.0 = Release|Any CPU
		{D70427C8-5A1A-4CCE-ACE9-5D8336B3FBAF}.Release|ARM.Deploy.0 = Release|Any CPU
		{D70427C8-5A1A-4CCE-ACE9-5D8336B3FBAF}.Release|iPhone.ActiveCfg = Release|Any CPU
		{D70427C8-5A1A-4CCE-ACE9-5D8336B3FBAF}.Release|iPhone.Build.0 = Release|Any CPU
		{D70427C8-5A1A-4CCE-ACE9-5D8336B3FBAF}.Release|iPhone.Deploy.0 = Release|Any CPU
		{D70427C8-5A1A-4CCE-ACE9-5D8336B3FBAF}.Release|iPhoneSimulator.ActiveCfg = Release|Any CPU
		{D70427C8-5A1A-4CCE-ACE9-5D8336B3FBAF}.Release|iPhoneSimulator.Build.0 = Release|Any CPU
		{D70427C8-5A1A-4CCE-ACE9-5D8336B3FBAF}.Release|iPhoneSimulator.Deploy.0 = Release|Any CPU
		{D70427C8-5A1A-4CCE-ACE9-5D8336B3FBAF}.Release|x64.ActiveCfg = Release|Any CPU
		{D70427C8-5A1A-4CCE-ACE9-5D8336B3FBAF}.Release|x64.Build.0 = Release|Any CPU
		{D70427C8-5A1A-4CCE-ACE9-5D8336B3FBAF}.Release|x64.Deploy.0 = Release|Any CPU
		{D70427C8-5A1A-4CCE-ACE9-5D8336B3FBAF}.Release|x86.ActiveCfg = Release|Any CPU
		{D70427C8-5A1A-4CCE-ACE9-5D8336B3FBAF}.Release|x86.Build.0 = Release|Any CPU
		{D70427C8-5A1A-4CCE-ACE9-5D8336B3FBAF}.Release|x86.Deploy.0 = Release|Any CPU
	EndGlobalSection
	GlobalSection(SolutionProperties) = preSolution
		HideSolutionNode = FALSE
	EndGlobalSection
	GlobalSection(ExtensibilityGlobals) = postSolution
		SolutionGuid = {7A4E4401-46D0-43D1-852B-9B75B09618AB}
	EndGlobalSection
EndGlobal
